
Microsoft Visual Studio Solution File, Format Version 12.00
Project("{FAE04EC0-301F-11D3-BF4B-00C04F79EFBC}") = "PicGrabber", "PicGrabber\PicGrabber.csproj", "{979308FC-36EF-4DFD-9D07-5F9A10269ED6}"
EndProject
Global
	GlobalSection(SolutionConfigurationPlatforms) = preSolution
		Debug|Any CPU = Debug|Any CPU
		Release|Any CPU = Release|Any CPU
	EndGlobalSection
	GlobalSection(ProjectConfigurationPlatforms) = postSolution
		{979308FC-36EF-4DFD-9D07-5F9A10269ED6}.Debug|Any CPU.ActiveCfg = Debug|Any CPU
		{979308FC-36EF-4DFD-9D07-5F9A10269ED6}.Debug|Any CPU.Build.0 = Debug|Any CPU
		{979308FC-36EF-4DFD-9D07-5F9A10269ED6}.Release|Any CPU.ActiveCfg = Release|Any CPU
		{979308FC-36EF-4DFD-9D07-5F9A10269ED6}.Release|Any CPU.Build.0 = Release|Any CPU
	EndGlobalSection
EndGlobal
